
Microsoft Visual Studio Solution File, Format Version 12.00
# Visual Studio Version 16
VisualStudioVersion = 16.0.31205.134
MinimumVisualStudioVersion = 10.0.40219.1
Project("{9A19103F-16F7-4668-BE54-9A1E7A4F7556}") = "BudgetNinjaAPI", "BudgetNinjaAPI.csproj", "{0BCD0573-B5BD-4F79-8887-CCD84061062C}"
EndProject
Project("{FAE04EC0-301F-11D3-BF4B-00C04F79EFBC}") = "Budget.Ninja.API.UnitTests", "..\Budget.Ninja.API.UnitTests\Budget.Ninja.API.UnitTests.csproj", "{FE773D93-80C8-4B26-9FFA-D3BFC6EBB317}"
EndProject
Global
	GlobalSection(SolutionConfigurationPlatforms) = preSolution
		Debug|Any CPU = Debug|Any CPU
		Release|Any CPU = Release|Any CPU
	EndGlobalSection
	GlobalSection(ProjectConfigurationPlatforms) = postSolution
		{0BCD0573-B5BD-4F79-8887-CCD84061062C}.Debug|Any CPU.ActiveCfg = Debug|Any CPU
		{0BCD0573-B5BD-4F79-8887-CCD84061062C}.Debug|Any CPU.Build.0 = Debug|Any CPU
		{0BCD0573-B5BD-4F79-8887-CCD84061062C}.Release|Any CPU.ActiveCfg = Release|Any CPU
		{0BCD0573-B5BD-4F79-8887-CCD84061062C}.Release|Any CPU.Build.0 = Release|Any CPU
		{FE773D93-80C8-4B26-9FFA-D3BFC6EBB317}.Debug|Any CPU.ActiveCfg = Debug|Any CPU
		{FE773D93-80C8-4B26-9FFA-D3BFC6EBB317}.Debug|Any CPU.Build.0 = Debug|Any CPU
		{FE773D93-80C8-4B26-9FFA-D3BFC6EBB317}.Release|Any CPU.ActiveCfg = Release|Any CPU
		{FE773D93-80C8-4B26-9FFA-D3BFC6EBB317}.Release|Any CPU.Build.0 = Release|Any CPU
	EndGlobalSection
	GlobalSection(SolutionProperties) = preSolution
		HideSolutionNode = FALSE
	EndGlobalSection
	GlobalSection(ExtensibilityGlobals) = postSolution
		SolutionGuid = {2E2F2E73-61D2-4A73-A161-22E108820E74}
	EndGlobalSection
EndGlobal
